// !$*UTF8*$!
{
	archiveVersion = 1;
	classes = {
	};
	objectVersion = 56;
	objects = {

/* Begin PBXBuildFile section */
		09806C1F5715F2F34260C4F8 /* Pods_MusicPlayerTests.framework in Frameworks */ = {isa = PBXBuildFile; fileRef = E9CD00D1F4F1E44549D9AC09 /* Pods_MusicPlayerTests.framework */; };
		1F0E5BFA2BF530A500687ED1 /* GoogleDriveManager.swift in Sources */ = {isa = PBXBuildFile; fileRef = 1F0E5BF92BF530A500687ED1 /* GoogleDriveManager.swift */; };
		1F0E5BFF2BF5F6B700687ED1 /* ManageTasks.swift in Sources */ = {isa = PBXBuildFile; fileRef = 1F0E5BFE2BF5F6B700687ED1 /* ManageTasks.swift */; };
		1F0E5C032BF660F900687ED1 /* Endpoints.swift in Sources */ = {isa = PBXBuildFile; fileRef = 1F0E5C022BF660F900687ED1 /* Endpoints.swift */; };
		1FAE71E42BF46DEB00CCA7CA /* AppDelegate.swift in Sources */ = {isa = PBXBuildFile; fileRef = 1FAE71E32BF46DEB00CCA7CA /* AppDelegate.swift */; };
		1FAE71E62BF46DEB00CCA7CA /* SceneDelegate.swift in Sources */ = {isa = PBXBuildFile; fileRef = 1FAE71E52BF46DEB00CCA7CA /* SceneDelegate.swift */; };
		1FAE71E82BF46DEB00CCA7CA /* ViewController.swift in Sources */ = {isa = PBXBuildFile; fileRef = 1FAE71E72BF46DEB00CCA7CA /* ViewController.swift */; };
		1FAE71EB2BF46DEB00CCA7CA /* Base in Resources */ = {isa = PBXBuildFile; fileRef = 1FAE71EA2BF46DEB00CCA7CA /* Base */; };
		1FAE71EE2BF46DEB00CCA7CA /* MusicPlayer.xcdatamodeld in Sources */ = {isa = PBXBuildFile; fileRef = 1FAE71EC2BF46DEB00CCA7CA /* MusicPlayer.xcdatamodeld */; };
		1FAE71F02BF46DEE00CCA7CA /* Assets.xcassets in Resources */ = {isa = PBXBuildFile; fileRef = 1FAE71EF2BF46DEE00CCA7CA /* Assets.xcassets */; };
		1FAE71F32BF46DEE00CCA7CA /* Base in Resources */ = {isa = PBXBuildFile; fileRef = 1FAE71F22BF46DEE00CCA7CA /* Base */; };
		1FAE71FE2BF46DEE00CCA7CA /* MusicPlayerTests.swift in Sources */ = {isa = PBXBuildFile; fileRef = 1FAE71FD2BF46DEE00CCA7CA /* MusicPlayerTests.swift */; };
		1FAE72082BF46DEE00CCA7CA /* MusicPlayerUITests.swift in Sources */ = {isa = PBXBuildFile; fileRef = 1FAE72072BF46DEE00CCA7CA /* MusicPlayerUITests.swift */; };
		1FAE720A2BF46DEE00CCA7CA /* MusicPlayerUITestsLaunchTests.swift in Sources */ = {isa = PBXBuildFile; fileRef = 1FAE72092BF46DEE00CCA7CA /* MusicPlayerUITestsLaunchTests.swift */; };
		C68EF9627A0E4C6B97588051 /* Pods_MusicPlayer.framework in Frameworks */ = {isa = PBXBuildFile; fileRef = 38BFD6A7402EBCA88B0754FB /* Pods_MusicPlayer.framework */; };
		F3F955BC90652883D57979A0 /* Pods_MusicPlayer_MusicPlayerUITests.framework in Frameworks */ = {isa = PBXBuildFile; fileRef = CAE299085477E6D4CA34133F /* Pods_MusicPlayer_MusicPlayerUITests.framework */; };
/* End PBXBuildFile section */

/* Begin PBXContainerItemProxy section */
		1FAE71FA2BF46DEE00CCA7CA /* PBXContainerItemProxy */ = {
			isa = PBXContainerItemProxy;
			containerPortal = 1FAE71D82BF46DEB00CCA7CA /* Project object */;
			proxyType = 1;
			remoteGlobalIDString = 1FAE71DF2BF46DEB00CCA7CA;
			remoteInfo = MusicPlayer;
		};
		1FAE72042BF46DEE00CCA7CA /* PBXContainerItemProxy */ = {
			isa = PBXContainerItemProxy;
			containerPortal = 1FAE71D82BF46DEB00CCA7CA /* Project object */;
			proxyType = 1;
			remoteGlobalIDString = 1FAE71DF2BF46DEB00CCA7CA;
			remoteInfo = MusicPlayer;
		};
/* End PBXContainerItemProxy section */

/* Begin PBXFileReference section */
		06E880B99B4A3AAB54061B81 /* Pods-MusicPlayer.debug.xcconfig */ = {isa = PBXFileReference; includeInIndex = 1; lastKnownFileType = text.xcconfig; name = "Pods-MusicPlayer.debug.xcconfig"; path = "Target Support Files/Pods-MusicPlayer/Pods-MusicPlayer.debug.xcconfig"; sourceTree = "<group>"; };
		12F9A968FCFDDBB23DAF58D5 /* Pods-MusicPlayer-MusicPlayerUITests.release.xcconfig */ = {isa = PBXFileReference; includeInIndex = 1; lastKnownFileType = text.xcconfig; name = "Pods-MusicPlayer-MusicPlayerUITests.release.xcconfig"; path = "Target Support Files/Pods-MusicPlayer-MusicPlayerUITests/Pods-MusicPlayer-MusicPlayerUITests.release.xcconfig"; sourceTree = "<group>"; };
		1F0E5BF92BF530A500687ED1 /* GoogleDriveManager.swift */ = {isa = PBXFileReference; lastKnownFileType = sourcecode.swift; path = GoogleDriveManager.swift; sourceTree = "<group>"; };
		1F0E5BFE2BF5F6B700687ED1 /* ManageTasks.swift */ = {isa = PBXFileReference; lastKnownFileType = sourcecode.swift; path = ManageTasks.swift; sourceTree = "<group>"; };
		1F0E5C022BF660F900687ED1 /* Endpoints.swift */ = {isa = PBXFileReference; lastKnownFileType = sourcecode.swift; path = Endpoints.swift; sourceTree = "<group>"; };
		1FAE71E02BF46DEB00CCA7CA /* MusicPlayer.app */ = {isa = PBXFileReference; explicitFileType = wrapper.application; includeInIndex = 0; path = MusicPlayer.app; sourceTree = BUILT_PRODUCTS_DIR; };
		1FAE71E32BF46DEB00CCA7CA /* AppDelegate.swift */ = {isa = PBXFileReference; lastKnownFileType = sourcecode.swift; path = AppDelegate.swift; sourceTree = "<group>"; };
		1FAE71E52BF46DEB00CCA7CA /* SceneDelegate.swift */ = {isa = PBXFileReference; lastKnownFileType = sourcecode.swift; path = SceneDelegate.swift; sourceTree = "<group>"; };
		1FAE71E72BF46DEB00CCA7CA /* ViewController.swift */ = {isa = PBXFileReference; lastKnownFileType = sourcecode.swift; path = ViewController.swift; sourceTree = "<group>"; };
		1FAE71EA2BF46DEB00CCA7CA /* Base */ = {isa = PBXFileReference; lastKnownFileType = file.storyboard; name = Base; path = Base.lproj/Main.storyboard; sourceTree = "<group>"; };
		1FAE71ED2BF46DEB00CCA7CA /* MusicPlayer.xcdatamodel */ = {isa = PBXFileReference; lastKnownFileType = wrapper.xcdatamodel; path = MusicPlayer.xcdatamodel; sourceTree = "<group>"; };
		1FAE71EF2BF46DEE00CCA7CA /* Assets.xcassets */ = {isa = PBXFileReference; lastKnownFileType = folder.assetcatalog; path = Assets.xcassets; sourceTree = "<group>"; };
		1FAE71F22BF46DEE00CCA7CA /* Base */ = {isa = PBXFileReference; lastKnownFileType = file.storyboard; name = Base; path = Base.lproj/LaunchScreen.storyboard; sourceTree = "<group>"; };
		1FAE71F42BF46DEE00CCA7CA /* Info.plist */ = {isa = PBXFileReference; lastKnownFileType = text.plist.xml; path = Info.plist; sourceTree = "<group>"; };
		1FAE71F92BF46DEE00CCA7CA /* MusicPlayerTests.xctest */ = {isa = PBXFileReference; explicitFileType = wrapper.cfbundle; includeInIndex = 0; path = MusicPlayerTests.xctest; sourceTree = BUILT_PRODUCTS_DIR; };
		1FAE71FD2BF46DEE00CCA7CA /* MusicPlayerTests.swift */ = {isa = PBXFileReference; lastKnownFileType = sourcecode.swift; path = MusicPlayerTests.swift; sourceTree = "<group>"; };
		1FAE72032BF46DEE00CCA7CA /* MusicPlayerUITests.xctest */ = {isa = PBXFileReference; explicitFileType = wrapper.cfbundle; includeInIndex = 0; path = MusicPlayerUITests.xctest; sourceTree = BUILT_PRODUCTS_DIR; };
		1FAE72072BF46DEE00CCA7CA /* MusicPlayerUITests.swift */ = {isa = PBXFileReference; lastKnownFileType = sourcecode.swift; path = MusicPlayerUITests.swift; sourceTree = "<group>"; };
		1FAE72092BF46DEE00CCA7CA /* MusicPlayerUITestsLaunchTests.swift */ = {isa = PBXFileReference; lastKnownFileType = sourcecode.swift; path = MusicPlayerUITestsLaunchTests.swift; sourceTree = "<group>"; };
		202FB31A0DCC045ECF7895F6 /* Pods-MusicPlayerTests.debug.xcconfig */ = {isa = PBXFileReference; includeInIndex = 1; lastKnownFileType = text.xcconfig; name = "Pods-MusicPlayerTests.debug.xcconfig"; path = "Target Support Files/Pods-MusicPlayerTests/Pods-MusicPlayerTests.debug.xcconfig"; sourceTree = "<group>"; };
		38BFD6A7402EBCA88B0754FB /* Pods_MusicPlayer.framework */ = {isa = PBXFileReference; explicitFileType = wrapper.framework; includeInIndex = 0; path = Pods_MusicPlayer.framework; sourceTree = BUILT_PRODUCTS_DIR; };
		5B754FB03FA290EA6E273EAB /* Pods-MusicPlayer-MusicPlayerUITests.debug.xcconfig */ = {isa = PBXFileReference; includeInIndex = 1; lastKnownFileType = text.xcconfig; name = "Pods-MusicPlayer-MusicPlayerUITests.debug.xcconfig"; path = "Target Support Files/Pods-MusicPlayer-MusicPlayerUITests/Pods-MusicPlayer-MusicPlayerUITests.debug.xcconfig"; sourceTree = "<group>"; };
		8629AB9EBECA326077F61AB9 /* Pods-MusicPlayer.release.xcconfig */ = {isa = PBXFileReference; includeInIndex = 1; lastKnownFileType = text.xcconfig; name = "Pods-MusicPlayer.release.xcconfig"; path = "Target Support Files/Pods-MusicPlayer/Pods-MusicPlayer.release.xcconfig"; sourceTree = "<group>"; };
		CAE299085477E6D4CA34133F /* Pods_MusicPlayer_MusicPlayerUITests.framework */ = {isa = PBXFileReference; explicitFileType = wrapper.framework; includeInIndex = 0; path = Pods_MusicPlayer_MusicPlayerUITests.framework; sourceTree = BUILT_PRODUCTS_DIR; };
		E9CD00D1F4F1E44549D9AC09 /* Pods_MusicPlayerTests.framework */ = {isa = PBXFileReference; explicitFileType = wrapper.framework; includeInIndex = 0; path = Pods_MusicPlayerTests.framework; sourceTree = BUILT_PRODUCTS_DIR; };
		F9E484ECE7FCF6E4897F4850 /* Pods-MusicPlayerTests.release.xcconfig */ = {isa = PBXFileReference; includeInIndex = 1; lastKnownFileType = text.xcconfig; name = "Pods-MusicPlayerTests.release.xcconfig"; path = "Target Support Files/Pods-MusicPlayerTests/Pods-MusicPlayerTests.release.xcconfig"; sourceTree = "<group>"; };
/* End PBXFileReference section */

/* Begin PBXFrameworksBuildPhase section */
		1FAE71DD2BF46DEB00CCA7CA /* Frameworks */ = {
			isa = PBXFrameworksBuildPhase;
			buildActionMask = 2147483647;
			files = (
				C68EF9627A0E4C6B97588051 /* Pods_MusicPlayer.framework in Frameworks */,
			);
			runOnlyForDeploymentPostprocessing = 0;
		};
		1FAE71F62BF46DEE00CCA7CA /* Frameworks */ = {
			isa = PBXFrameworksBuildPhase;
			buildActionMask = 2147483647;
			files = (
				09806C1F5715F2F34260C4F8 /* Pods_MusicPlayerTests.framework in Frameworks */,
			);
			runOnlyForDeploymentPostprocessing = 0;
		};
		1FAE72002BF46DEE00CCA7CA /* Frameworks */ = {
			isa = PBXFrameworksBuildPhase;
			buildActionMask = 2147483647;
			files = (
				F3F955BC90652883D57979A0 /* Pods_MusicPlayer_MusicPlayerUITests.framework in Frameworks */,
			);
			runOnlyForDeploymentPostprocessing = 0;
		};
/* End PBXFrameworksBuildPhase section */

/* Begin PBXGroup section */
		1F0E5BF82BF5309300687ED1 /* GoogleDrive */ = {
			isa = PBXGroup;
			children = (
				1F0E5BF92BF530A500687ED1 /* GoogleDriveManager.swift */,
				1F0E5C022BF660F900687ED1 /* Endpoints.swift */,
			);
			path = GoogleDrive;
			sourceTree = "<group>";
		};
		1FAE71D72BF46DEB00CCA7CA = {
			isa = PBXGroup;
			children = (
				1FAE71E22BF46DEB00CCA7CA /* MusicPlayer */,
				1FAE71FC2BF46DEE00CCA7CA /* MusicPlayerTests */,
				1FAE72062BF46DEE00CCA7CA /* MusicPlayerUITests */,
				1FAE71E12BF46DEB00CCA7CA /* Products */,
				41731863FBCA37051A6038E3 /* Pods */,
				FD11739AD31872A075725555 /* Frameworks */,
			);
			sourceTree = "<group>";
		};
		1FAE71E12BF46DEB00CCA7CA /* Products */ = {
			isa = PBXGroup;
			children = (
				1FAE71E02BF46DEB00CCA7CA /* MusicPlayer.app */,
				1FAE71F92BF46DEE00CCA7CA /* MusicPlayerTests.xctest */,
				1FAE72032BF46DEE00CCA7CA /* MusicPlayerUITests.xctest */,
			);
			name = Products;
			sourceTree = "<group>";
		};
		1FAE71E22BF46DEB00CCA7CA /* MusicPlayer */ = {
			isa = PBXGroup;
			children = (
				1F0E5BF82BF5309300687ED1 /* GoogleDrive */,
				1FAE71E32BF46DEB00CCA7CA /* AppDelegate.swift */,
				1FAE71E52BF46DEB00CCA7CA /* SceneDelegate.swift */,
				1FAE71E72BF46DEB00CCA7CA /* ViewController.swift */,
				1F0E5BFE2BF5F6B700687ED1 /* ManageTasks.swift */,
				1FAE71E92BF46DEB00CCA7CA /* Main.storyboard */,
				1FAE71EF2BF46DEE00CCA7CA /* Assets.xcassets */,
				1FAE71F12BF46DEE00CCA7CA /* LaunchScreen.storyboard */,
				1FAE71F42BF46DEE00CCA7CA /* Info.plist */,
				1FAE71EC2BF46DEB00CCA7CA /* MusicPlayer.xcdatamodeld */,
			);
			path = MusicPlayer;
			sourceTree = "<group>";
		};
		1FAE71FC2BF46DEE00CCA7CA /* MusicPlayerTests */ = {
			isa = PBXGroup;
			children = (
				1FAE71FD2BF46DEE00CCA7CA /* MusicPlayerTests.swift */,
			);
			path = MusicPlayerTests;
			sourceTree = "<group>";
		};
		1FAE72062BF46DEE00CCA7CA /* MusicPlayerUITests */ = {
			isa = PBXGroup;
			children = (
				1FAE72072BF46DEE00CCA7CA /* MusicPlayerUITests.swift */,
				1FAE72092BF46DEE00CCA7CA /* MusicPlayerUITestsLaunchTests.swift */,
			);
			path = MusicPlayerUITests;
			sourceTree = "<group>";
		};
		41731863FBCA37051A6038E3 /* Pods */ = {
			isa = PBXGroup;
			children = (
				06E880B99B4A3AAB54061B81 /* Pods-MusicPlayer.debug.xcconfig */,
				8629AB9EBECA326077F61AB9 /* Pods-MusicPlayer.release.xcconfig */,
				5B754FB03FA290EA6E273EAB /* Pods-MusicPlayer-MusicPlayerUITests.debug.xcconfig */,
				12F9A968FCFDDBB23DAF58D5 /* Pods-MusicPlayer-MusicPlayerUITests.release.xcconfig */,
				202FB31A0DCC045ECF7895F6 /* Pods-MusicPlayerTests.debug.xcconfig */,
				F9E484ECE7FCF6E4897F4850 /* Pods-MusicPlayerTests.release.xcconfig */,
			);
			path = Pods;
			sourceTree = "<group>";
		};
		FD11739AD31872A075725555 /* Frameworks */ = {
			isa = PBXGroup;
			children = (
				38BFD6A7402EBCA88B0754FB /* Pods_MusicPlayer.framework */,
				CAE299085477E6D4CA34133F /* Pods_MusicPlayer_MusicPlayerUITests.framework */,
				E9CD00D1F4F1E44549D9AC09 /* Pods_MusicPlayerTests.framework */,
			);
			name = Frameworks;
			sourceTree = "<group>";
		};
/* End PBXGroup section */

/* Begin PBXNativeTarget section */
		1FAE71DF2BF46DEB00CCA7CA /* MusicPlayer */ = {
			isa = PBXNativeTarget;
			buildConfigurationList = 1FAE720D2BF46DEE00CCA7CA /* Build configuration list for PBXNativeTarget "MusicPlayer" */;
			buildPhases = (
				51840B1231ABA304D84223BF /* [CP] Check Pods Manifest.lock */,
				1FAE71DC2BF46DEB00CCA7CA /* Sources */,
				1FAE71DD2BF46DEB00CCA7CA /* Frameworks */,
				1FAE71DE2BF46DEB00CCA7CA /* Resources */,
				D02180D48DEBAF79B9F71220 /* [CP] Embed Pods Frameworks */,
			);
			buildRules = (
			);
			dependencies = (
			);
			name = MusicPlayer;
			productName = MusicPlayer;
			productReference = 1FAE71E02BF46DEB00CCA7CA /* MusicPlayer.app */;
			productType = "com.apple.product-type.application";
		};
		1FAE71F82BF46DEE00CCA7CA /* MusicPlayerTests */ = {
			isa = PBXNativeTarget;
			buildConfigurationList = 1FAE72102BF46DEE00CCA7CA /* Build configuration list for PBXNativeTarget "MusicPlayerTests" */;
			buildPhases = (
				DE24F55AE6B01F8B47577AD6 /* [CP] Check Pods Manifest.lock */,
				1FAE71F52BF46DEE00CCA7CA /* Sources */,
				1FAE71F62BF46DEE00CCA7CA /* Frameworks */,
				1FAE71F72BF46DEE00CCA7CA /* Resources */,
			);
			buildRules = (
			);
			dependencies = (
				1FAE71FB2BF46DEE00CCA7CA /* PBXTargetDependency */,
			);
			name = MusicPlayerTests;
			productName = MusicPlayerTests;
			productReference = 1FAE71F92BF46DEE00CCA7CA /* MusicPlayerTests.xctest */;
			productType = "com.apple.product-type.bundle.unit-test";
		};
		1FAE72022BF46DEE00CCA7CA /* MusicPlayerUITests */ = {
			isa = PBXNativeTarget;
			buildConfigurationList = 1FAE72132BF46DEE00CCA7CA /* Build configuration list for PBXNativeTarget "MusicPlayerUITests" */;
			buildPhases = (
				59FED1D5163E9E2BD8859FB2 /* [CP] Check Pods Manifest.lock */,
				1FAE71FF2BF46DEE00CCA7CA /* Sources */,
				1FAE72002BF46DEE00CCA7CA /* Frameworks */,
				1FAE72012BF46DEE00CCA7CA /* Resources */,
				868A64BF6A28D7A138533859 /* [CP] Embed Pods Frameworks */,
			);
			buildRules = (
			);
			dependencies = (
				1FAE72052BF46DEE00CCA7CA /* PBXTargetDependency */,
			);
			name = MusicPlayerUITests;
			productName = MusicPlayerUITests;
			productReference = 1FAE72032BF46DEE00CCA7CA /* MusicPlayerUITests.xctest */;
			productType = "com.apple.product-type.bundle.ui-testing";
		};
/* End PBXNativeTarget section */

/* Begin PBXProject section */
		1FAE71D82BF46DEB00CCA7CA /* Project object */ = {
			isa = PBXProject;
			attributes = {
				BuildIndependentTargetsInParallel = 1;
				LastSwiftUpdateCheck = 1530;
				LastUpgradeCheck = 1530;
				TargetAttributes = {
					1FAE71DF2BF46DEB00CCA7CA = {
						CreatedOnToolsVersion = 15.3;
					};
					1FAE71F82BF46DEE00CCA7CA = {
						CreatedOnToolsVersion = 15.3;
						TestTargetID = 1FAE71DF2BF46DEB00CCA7CA;
					};
					1FAE72022BF46DEE00CCA7CA = {
						CreatedOnToolsVersion = 15.3;
						TestTargetID = 1FAE71DF2BF46DEB00CCA7CA;
					};
				};
			};
			buildConfigurationList = 1FAE71DB2BF46DEB00CCA7CA /* Build configuration list for PBXProject "MusicPlayer" */;
			compatibilityVersion = "Xcode 14.0";
			developmentRegion = en;
			hasScannedForEncodings = 0;
			knownRegions = (
				en,
				Base,
			);
			mainGroup = 1FAE71D72BF46DEB00CCA7CA;
			productRefGroup = 1FAE71E12BF46DEB00CCA7CA /* Products */;
			projectDirPath = "";
			projectRoot = "";
			targets = (
				1FAE71DF2BF46DEB00CCA7CA /* MusicPlayer */,
				1FAE71F82BF46DEE00CCA7CA /* MusicPlayerTests */,
				1FAE72022BF46DEE00CCA7CA /* MusicPlayerUITests */,
			);
		};
/* End PBXProject section */

/* Begin PBXResourcesBuildPhase section */
		1FAE71DE2BF46DEB00CCA7CA /* Resources */ = {
			isa = PBXResourcesBuildPhase;
			buildActionMask = 2147483647;
			files = (
				1FAE71F02BF46DEE00CCA7CA /* Assets.xcassets in Resources */,
				1FAE71F32BF46DEE00CCA7CA /* Base in Resources */,
				1FAE71EB2BF46DEB00CCA7CA /* Base in Resources */,
			);
			runOnlyForDeploymentPostprocessing = 0;
		};
		1FAE71F72BF46DEE00CCA7CA /* Resources */ = {
			isa = PBXResourcesBuildPhase;
			buildActionMask = 2147483647;
			files = (
			);
			runOnlyForDeploymentPostprocessing = 0;
		};
		1FAE72012BF46DEE00CCA7CA /* Resources */ = {
			isa = PBXResourcesBuildPhase;
			buildActionMask = 2147483647;
			files = (
			);
			runOnlyForDeploymentPostprocessing = 0;
		};
/* End PBXResourcesBuildPhase section */

/* Begin PBXShellScriptBuildPhase section */
		51840B1231ABA304D84223BF /* [CP] Check Pods Manifest.lock */ = {
			isa = PBXShellScriptBuildPhase;
			buildActionMask = 2147483647;
			files = (
			);
			inputFileListPaths = (
			);
			inputPaths = (
				"${PODS_PODFILE_DIR_PATH}/Podfile.lock",
				"${PODS_ROOT}/Manifest.lock",
			);
			name = "[CP] Check Pods Manifest.lock";
			outputFileListPaths = (
			);
			outputPaths = (
				"$(DERIVED_FILE_DIR)/Pods-MusicPlayer-checkManifestLockResult.txt",
			);
			runOnlyForDeploymentPostprocessing = 0;
			shellPath = /bin/sh;
			shellScript = "diff \"${PODS_PODFILE_DIR_PATH}/Podfile.lock\" \"${PODS_ROOT}/Manifest.lock\" > /dev/null\nif [ $? != 0 ] ; then\n    # print error to STDERR\n    echo \"error: The sandbox is not in sync with the Podfile.lock. Run 'pod install' or update your CocoaPods installation.\" >&2\n    exit 1\nfi\n# This output is used by Xcode 'outputs' to avoid re-running this script phase.\necho \"SUCCESS\" > \"${SCRIPT_OUTPUT_FILE_0}\"\n";
			showEnvVarsInLog = 0;
		};
		59FED1D5163E9E2BD8859FB2 /* [CP] Check Pods Manifest.lock */ = {
			isa = PBXShellScriptBuildPhase;
			buildActionMask = 2147483647;
			files = (
			);
			inputFileListPaths = (
			);
			inputPaths = (
				"${PODS_PODFILE_DIR_PATH}/Podfile.lock",
				"${PODS_ROOT}/Manifest.lock",
			);
			name = "[CP] Check Pods Manifest.lock";
			outputFileListPaths = (
			);
			outputPaths = (
				"$(DERIVED_FILE_DIR)/Pods-MusicPlayer-MusicPlayerUITests-checkManifestLockResult.txt",
			);
			runOnlyForDeploymentPostprocessing = 0;
			shellPath = /bin/sh;
			shellScript = "diff \"${PODS_PODFILE_DIR_PATH}/Podfile.lock\" \"${PODS_ROOT}/Manifest.lock\" > /dev/null\nif [ $? != 0 ] ; then\n    # print error to STDERR\n    echo \"error: The sandbox is not in sync with the Podfile.lock. Run 'pod install' or update your CocoaPods installation.\" >&2\n    exit 1\nfi\n# This output is used by Xcode 'outputs' to avoid re-running this script phase.\necho \"SUCCESS\" > \"${SCRIPT_OUTPUT_FILE_0}\"\n";
			showEnvVarsInLog = 0;
		};
		868A64BF6A28D7A138533859 /* [CP] Embed Pods Frameworks */ = {
			isa = PBXShellScriptBuildPhase;
			buildActionMask = 2147483647;
			files = (
			);
			inputFileListPaths = (
				"${PODS_ROOT}/Target Support Files/Pods-MusicPlayer-MusicPlayerUITests/Pods-MusicPlayer-MusicPlayerUITests-frameworks-${CONFIGURATION}-input-files.xcfilelist",
			);
			name = "[CP] Embed Pods Frameworks";
			outputFileListPaths = (
				"${PODS_ROOT}/Target Support Files/Pods-MusicPlayer-MusicPlayerUITests/Pods-MusicPlayer-MusicPlayerUITests-frameworks-${CONFIGURATION}-output-files.xcfilelist",
			);
			runOnlyForDeploymentPostprocessing = 0;
			shellPath = /bin/sh;
			shellScript = "\"${PODS_ROOT}/Target Support Files/Pods-MusicPlayer-MusicPlayerUITests/Pods-MusicPlayer-MusicPlayerUITests-frameworks.sh\"\n";
			showEnvVarsInLog = 0;
		};
		D02180D48DEBAF79B9F71220 /* [CP] Embed Pods Frameworks */ = {
			isa = PBXShellScriptBuildPhase;
			buildActionMask = 2147483647;
			files = (
			);
			inputFileListPaths = (
				"${PODS_ROOT}/Target Support Files/Pods-MusicPlayer/Pods-MusicPlayer-frameworks-${CONFIGURATION}-input-files.xcfilelist",
			);
			name = "[CP] Embed Pods Frameworks";
			outputFileListPaths = (
				"${PODS_ROOT}/Target Support Files/Pods-MusicPlayer/Pods-MusicPlayer-frameworks-${CONFIGURATION}-output-files.xcfilelist",
			);
			runOnlyForDeploymentPostprocessing = 0;
			shellPath = /bin/sh;
			shellScript = "\"${PODS_ROOT}/Target Support Files/Pods-MusicPlayer/Pods-MusicPlayer-frameworks.sh\"\n";
			showEnvVarsInLog = 0;
		};
		DE24F55AE6B01F8B47577AD6 /* [CP] Check Pods Manifest.lock */ = {
			isa = PBXShellScriptBuildPhase;
			buildActionMask = 2147483647;
			files = (
			);
			inputFileListPaths = (
			);
			inputPaths = (
				"${PODS_PODFILE_DIR_PATH}/Podfile.lock",
				"${PODS_ROOT}/Manifest.lock",
			);
			name = "[CP] Check Pods Manifest.lock";
			outputFileListPaths = (
			);
			outputPaths = (
				"$(DERIVED_FILE_DIR)/Pods-MusicPlayerTests-checkManifestLockResult.txt",
			);
			runOnlyForDeploymentPostprocessing = 0;
			shellPath = /bin/sh;
			shellScript = "diff \"${PODS_PODFILE_DIR_PATH}/Podfile.lock\" \"${PODS_ROOT}/Manifest.lock\" > /dev/null\nif [ $? != 0 ] ; then\n    # print error to STDERR\n    echo \"error: The sandbox is not in sync with the Podfile.lock. Run 'pod install' or update your CocoaPods installation.\" >&2\n    exit 1\nfi\n# This output is used by Xcode 'outputs' to avoid re-running this script phase.\necho \"SUCCESS\" > \"${SCRIPT_OUTPUT_FILE_0}\"\n";
			showEnvVarsInLog = 0;
		};
/* End PBXShellScriptBuildPhase section */

/* Begin PBXSourcesBuildPhase section */
		1FAE71DC2BF46DEB00CCA7CA /* Sources */ = {
			isa = PBXSourcesBuildPhase;
			buildActionMask = 2147483647;
			files = (
				1F0E5BFA2BF530A500687ED1 /* GoogleDriveManager.swift in Sources */,
				1FAE71E82BF46DEB00CCA7CA /* ViewController.swift in Sources */,
				1FAE71E42BF46DEB00CCA7CA /* AppDelegate.swift in Sources */,
				1F0E5C032BF660F900687ED1 /* Endpoints.swift in Sources */,
				1FAE71EE2BF46DEB00CCA7CA /* MusicPlayer.xcdatamodeld in Sources */,
				1F0E5BFF2BF5F6B700687ED1 /* ManageTasks.swift in Sources */,
				1FAE71E62BF46DEB00CCA7CA /* SceneDelegate.swift in Sources */,
			);
			runOnlyForDeploymentPostprocessing = 0;
		};
		1FAE71F52BF46DEE00CCA7CA /* Sources */ = {
			isa = PBXSourcesBuildPhase;
			buildActionMask = 2147483647;
			files = (
				1FAE71FE2BF46DEE00CCA7CA /* MusicPlayerTests.swift in Sources */,
			);
			runOnlyForDeploymentPostprocessing = 0;
		};
		1FAE71FF2BF46DEE00CCA7CA /* Sources */ = {
			isa = PBXSourcesBuildPhase;
			buildActionMask = 2147483647;
			files = (
				1FAE72082BF46DEE00CCA7CA /* MusicPlayerUITests.swift in Sources */,
				1FAE720A2BF46DEE00CCA7CA /* MusicPlayerUITestsLaunchTests.swift in Sources */,
			);
			runOnlyForDeploymentPostprocessing = 0;
		};
/* End PBXSourcesBuildPhase section */

/* Begin PBXTargetDependency section */
		1FAE71FB2BF46DEE00CCA7CA /* PBXTargetDependency */ = {
			isa = PBXTargetDependency;
			target = 1FAE71DF2BF46DEB00CCA7CA /* MusicPlayer */;
			targetProxy = 1FAE71FA2BF46DEE00CCA7CA /* PBXContainerItemProxy */;
		};
		1FAE72052BF46DEE00CCA7CA /* PBXTargetDependency */ = {
			isa = PBXTargetDependency;
			target = 1FAE71DF2BF46DEB00CCA7CA /* MusicPlayer */;
			targetProxy = 1FAE72042BF46DEE00CCA7CA /* PBXContainerItemProxy */;
		};
/* End PBXTargetDependency section */

/* Begin PBXVariantGroup section */
		1FAE71E92BF46DEB00CCA7CA /* Main.storyboard */ = {
			isa = PBXVariantGroup;
			children = (
				1FAE71EA2BF46DEB00CCA7CA /* Base */,
			);
			name = Main.storyboard;
			sourceTree = "<group>";
		};
		1FAE71F12BF46DEE00CCA7CA /* LaunchScreen.storyboard */ = {
			isa = PBXVariantGroup;
			children = (
				1FAE71F22BF46DEE00CCA7CA /* Base */,
			);
			name = LaunchScreen.storyboard;
			sourceTree = "<group>";
		};
/* End PBXVariantGroup section */

/* Begin XCBuildConfiguration section */
		1FAE720B2BF46DEE00CCA7CA /* Debug */ = {
			isa = XCBuildConfiguration;
			buildSettings = {
				ALWAYS_SEARCH_USER_PATHS = NO;
				ASSETCATALOG_COMPILER_GENERATE_SWIFT_ASSET_SYMBOL_EXTENSIONS = YES;
				CLANG_ANALYZER_NONNULL = YES;
				CLANG_ANALYZER_NUMBER_OBJECT_CONVERSION = YES_AGGRESSIVE;
				CLANG_CXX_LANGUAGE_STANDARD = "gnu++20";
				CLANG_ENABLE_MODULES = YES;
				CLANG_ENABLE_OBJC_ARC = YES;
				CLANG_ENABLE_OBJC_WEAK = YES;
				CLANG_WARN_BLOCK_CAPTURE_AUTORELEASING = YES;
				CLANG_WARN_BOOL_CONVERSION = YES;
				CLANG_WARN_COMMA = YES;
				CLANG_WARN_CONSTANT_CONVERSION = YES;
				CLANG_WARN_DEPRECATED_OBJC_IMPLEMENTATIONS = YES;
				CLANG_WARN_DIRECT_OBJC_ISA_USAGE = YES_ERROR;
				CLANG_WARN_DOCUMENTATION_COMMENTS = YES;
				CLANG_WARN_EMPTY_BODY = YES;
				CLANG_WARN_ENUM_CONVERSION = YES;
				CLANG_WARN_INFINITE_RECURSION = YES;
				CLANG_WARN_INT_CONVERSION = YES;
				CLANG_WARN_NON_LITERAL_NULL_CONVERSION = YES;
				CLANG_WARN_OBJC_IMPLICIT_RETAIN_SELF = YES;
				CLANG_WARN_OBJC_LITERAL_CONVERSION = YES;
				CLANG_WARN_OBJC_ROOT_CLASS = YES_ERROR;
				CLANG_WARN_QUOTED_INCLUDE_IN_FRAMEWORK_HEADER = YES;
				CLANG_WARN_RANGE_LOOP_ANALYSIS = YES;
				CLANG_WARN_STRICT_PROTOTYPES = YES;
				CLANG_WARN_SUSPICIOUS_MOVE = YES;
				CLANG_WARN_UNGUARDED_AVAILABILITY = YES_AGGRESSIVE;
				CLANG_WARN_UNREACHABLE_CODE = YES;
				CLANG_WARN__DUPLICATE_METHOD_MATCH = YES;
				COPY_PHASE_STRIP = NO;
				DEBUG_INFORMATION_FORMAT = dwarf;
				ENABLE_STRICT_OBJC_MSGSEND = YES;
				ENABLE_TESTABILITY = YES;
				ENABLE_USER_SCRIPT_SANDBOXING = NO;
				GCC_C_LANGUAGE_STANDARD = gnu17;
				GCC_DYNAMIC_NO_PIC = NO;
				GCC_NO_COMMON_BLOCKS = YES;
				GCC_OPTIMIZATION_LEVEL = 0;
				GCC_PREPROCESSOR_DEFINITIONS = (
					"DEBUG=1",
					"$(inherited)",
				);
				GCC_WARN_64_TO_32_BIT_CONVERSION = YES;
				GCC_WARN_ABOUT_RETURN_TYPE = YES_ERROR;
				GCC_WARN_UNDECLARED_SELECTOR = YES;
				GCC_WARN_UNINITIALIZED_AUTOS = YES_AGGRESSIVE;
				GCC_WARN_UNUSED_FUNCTION = YES;
				GCC_WARN_UNUSED_VARIABLE = YES;
				IPHONEOS_DEPLOYMENT_TARGET = 17.4;
				LOCALIZATION_PREFERS_STRING_CATALOGS = YES;
				MTL_ENABLE_DEBUG_INFO = INCLUDE_SOURCE;
				MTL_FAST_MATH = YES;
				ONLY_ACTIVE_ARCH = YES;
				SDKROOT = iphoneos;
				SWIFT_ACTIVE_COMPILATION_CONDITIONS = "DEBUG $(inherited)";
				SWIFT_OPTIMIZATION_LEVEL = "-Onone";
			};
			name = Debug;
		};
		1FAE720C2BF46DEE00CCA7CA /* Release */ = {
			isa = XCBuildConfiguration;
			buildSettings = {
				ALWAYS_SEARCH_USER_PATHS = NO;
				ASSETCATALOG_COMPILER_GENERATE_SWIFT_ASSET_SYMBOL_EXTENSIONS = YES;
				CLANG_ANALYZER_NONNULL = YES;
				CLANG_ANALYZER_NUMBER_OBJECT_CONVERSION = YES_AGGRESSIVE;
				CLANG_CXX_LANGUAGE_STANDARD = "gnu++20";
				CLANG_ENABLE_MODULES = YES;
				CLANG_ENABLE_OBJC_ARC = YES;
				CLANG_ENABLE_OBJC_WEAK = YES;
				CLANG_WARN_BLOCK_CAPTURE_AUTORELEASING = YES;
				CLANG_WARN_BOOL_CONVERSION = YES;
				CLANG_WARN_COMMA = YES;
				CLANG_WARN_CONSTANT_CONVERSION = YES;
				CLANG_WARN_DEPRECATED_OBJC_IMPLEMENTATIONS = YES;
				CLANG_WARN_DIRECT_OBJC_ISA_USAGE = YES_ERROR;
				CLANG_WARN_DOCUMENTATION_COMMENTS = YES;
				CLANG_WARN_EMPTY_BODY = YES;
				CLANG_WARN_ENUM_CONVERSION = YES;
				CLANG_WARN_INFINITE_RECURSION = YES;
				CLANG_WARN_INT_CONVERSION = YES;
				CLANG_WARN_NON_LITERAL_NULL_CONVERSION = YES;
				CLANG_WARN_OBJC_IMPLICIT_RETAIN_SELF = YES;
				CLANG_WARN_OBJC_LITERAL_CONVERSION = YES;
				CLANG_WARN_OBJC_ROOT_CLASS = YES_ERROR;
				CLANG_WARN_QUOTED_INCLUDE_IN_FRAMEWORK_HEADER = YES;
				CLANG_WARN_RANGE_LOOP_ANALYSIS = YES;
				CLANG_WARN_STRICT_PROTOTYPES = YES;
				CLANG_WARN_SUSPICIOUS_MOVE = YES;
				CLANG_WARN_UNGUARDED_AVAILABILITY = YES_AGGRESSIVE;
				CLANG_WARN_UNREACHABLE_CODE = YES;
				CLANG_WARN__DUPLICATE_METHOD_MATCH = YES;
				COPY_PHASE_STRIP = NO;
				DEBUG_INFORMATION_FORMAT = "dwarf-with-dsym";
				ENABLE_NS_ASSERTIONS = NO;
				ENABLE_STRICT_OBJC_MSGSEND = YES;
				ENABLE_USER_SCRIPT_SANDBOXING = NO;
				GCC_C_LANGUAGE_STANDARD = gnu17;
				GCC_NO_COMMON_BLOCKS = YES;
				GCC_WARN_64_TO_32_BIT_CONVERSION = YES;
				GCC_WARN_ABOUT_RETURN_TYPE = YES_ERROR;
				GCC_WARN_UNDECLARED_SELECTOR = YES;
				GCC_WARN_UNINITIALIZED_AUTOS = YES_AGGRESSIVE;
				GCC_WARN_UNUSED_FUNCTION = YES;
				GCC_WARN_UNUSED_VARIABLE = YES;
				IPHONEOS_DEPLOYMENT_TARGET = 17.4;
				LOCALIZATION_PREFERS_STRING_CATALOGS = YES;
				MTL_ENABLE_DEBUG_INFO = NO;
				MTL_FAST_MATH = YES;
				SDKROOT = iphoneos;
				SWIFT_COMPILATION_MODE = wholemodule;
				VALIDATE_PRODUCT = YES;
			};
			name = Release;
		};
		1FAE720E2BF46DEE00CCA7CA /* Debug */ = {
			isa = XCBuildConfiguration;
			baseConfigurationReference = 06E880B99B4A3AAB54061B81 /* Pods-MusicPlayer.debug.xcconfig */;
			buildSettings = {
				ASSETCATALOG_COMPILER_APPICON_NAME = AppIcon;
				ASSETCATALOG_COMPILER_GLOBAL_ACCENT_COLOR_NAME = AccentColor;
				CODE_SIGN_STYLE = Automatic;
				CURRENT_PROJECT_VERSION = 1;
				DEVELOPMENT_TEAM = NQW77N3FSN;
				GENERATE_INFOPLIST_FILE = YES;
				INFOPLIST_FILE = MusicPlayer/Info.plist;
				INFOPLIST_KEY_UIApplicationSupportsIndirectInputEvents = YES;
				INFOPLIST_KEY_UILaunchStoryboardName = LaunchScreen;
				INFOPLIST_KEY_UIMainStoryboardFile = Main;
				INFOPLIST_KEY_UISupportedInterfaceOrientations_iPad = "UIInterfaceOrientationPortrait UIInterfaceOrientationPortraitUpsideDown UIInterfaceOrientationLandscapeLeft UIInterfaceOrientationLandscapeRight";
				INFOPLIST_KEY_UISupportedInterfaceOrientations_iPhone = "UIInterfaceOrientationPortrait UIInterfaceOrientationLandscapeLeft UIInterfaceOrientationLandscapeRight";
				IPHONEOS_DEPLOYMENT_TARGET = 17.0;
				LD_RUNPATH_SEARCH_PATHS = (
					"$(inherited)",
					"@executable_path/Frameworks",
				);
				MARKETING_VERSION = 1.0;
				PRODUCT_BUNDLE_IDENTIFIER = com.siyaram.com.MusicPlayer;
				PRODUCT_NAME = "$(TARGET_NAME)";
				SWIFT_EMIT_LOC_STRINGS = YES;
				SWIFT_VERSION = 5.0;
				TARGETED_DEVICE_FAMILY = "1,2";
			};
			name = Debug;
		};
		1FAE720F2BF46DEE00CCA7CA /* Release */ = {
			isa = XCBuildConfiguration;
			baseConfigurationReference = 8629AB9EBECA326077F61AB9 /* Pods-MusicPlayer.release.xcconfig */;
			buildSettings = {
				ASSETCATALOG_COMPILER_APPICON_NAME = AppIcon;
				ASSETCATALOG_COMPILER_GLOBAL_ACCENT_COLOR_NAME = AccentColor;
				CODE_SIGN_STYLE = Automatic;
				CURRENT_PROJECT_VERSION = 1;
				DEVELOPMENT_TEAM = NQW77N3FSN;
				GENERATE_INFOPLIST_FILE = YES;
				INFOPLIST_FILE = MusicPlayer/Info.plist;
				INFOPLIST_KEY_UIApplicationSupportsIndirectInputEvents = YES;
				INFOPLIST_KEY_UILaunchStoryboardName = LaunchScreen;
				INFOPLIST_KEY_UIMainStoryboardFile = Main;
				INFOPLIST_KEY_UISupportedInterfaceOrientations_iPad = "UIInterfaceOrientationPortrait UIInterfaceOrientationPortraitUpsideDown UIInterfaceOrientationLandscapeLeft UIInterfaceOrientationLandscapeRight";
				INFOPLIST_KEY_UISupportedInterfaceOrientations_iPhone = "UIInterfaceOrientationPortrait UIInterfaceOrientationLandscapeLeft UIInterfaceOrientationLandscapeRight";
				IPHONEOS_DEPLOYMENT_TARGET = 17.0;
				LD_RUNPATH_SEARCH_PATHS = (
					"$(inherited)",
					"@executable_path/Frameworks",
				);
				MARKETING_VERSION = 1.0;
				PRODUCT_BUNDLE_IDENTIFIER = com.siyaram.com.MusicPlayer;
				PRODUCT_NAME = "$(TARGET_NAME)";
				SWIFT_EMIT_LOC_STRINGS = YES;
				SWIFT_VERSION = 5.0;
				TARGETED_DEVICE_FAMILY = "1,2";
			};
			name = Release;
		};
		1FAE72112BF46DEE00CCA7CA /* Debug */ = {
			isa = XCBuildConfiguration;
			baseConfigurationReference = 202FB31A0DCC045ECF7895F6 /* Pods-MusicPlayerTests.debug.xcconfig */;
			buildSettings = {
				ALWAYS_EMBED_SWIFT_STANDARD_LIBRARIES = YES;
				BUNDLE_LOADER = "$(TEST_HOST)";
				CODE_SIGN_STYLE = Automatic;
				CURRENT_PROJECT_VERSION = 1;
				DEVELOPMENT_TEAM = NQW77N3FSN;
				GENERATE_INFOPLIST_FILE = YES;
				IPHONEOS_DEPLOYMENT_TARGET = 17.4;
				MARKETING_VERSION = 1.0;
				PRODUCT_BUNDLE_IDENTIFIER = com.siyaram.com.MusicPlayerTests;
				PRODUCT_NAME = "$(TARGET_NAME)";
				SWIFT_EMIT_LOC_STRINGS = NO;
				SWIFT_VERSION = 5.0;
				TARGETED_DEVICE_FAMILY = "1,2";
				TEST_HOST = "$(BUILT_PRODUCTS_DIR)/MusicPlayer.app/$(BUNDLE_EXECUTABLE_FOLDER_PATH)/MusicPlayer";
			};
			name = Debug;
		};
		1FAE72122BF46DEE00CCA7CA /* Release */ = {
			isa = XCBuildConfiguration;
			baseConfigurationReference = F9E484ECE7FCF6E4897F4850 /* Pods-MusicPlayerTests.release.xcconfig */;
			buildSettings = {
				ALWAYS_EMBED_SWIFT_STANDARD_LIBRARIES = YES;
				BUNDLE_LOADER = "$(TEST_HOST)";
				CODE_SIGN_STYLE = Automatic;
				CURRENT_PROJECT_VERSION = 1;
				DEVELOPMENT_TEAM = NQW77N3FSN;
				GENERATE_INFOPLIST_FILE = YES;
				IPHONEOS_DEPLOYMENT_TARGET = 17.4;
				MARKETING_VERSION = 1.0;
				PRODUCT_BUNDLE_IDENTIFIER = com.siyaram.com.MusicPlayerTests;
				PRODUCT_NAME = "$(TARGET_NAME)";
				SWIFT_EMIT_LOC_STRINGS = NO;
				SWIFT_VERSION = 5.0;
				TARGETED_DEVICE_FAMILY = "1,2";
				TEST_HOST = "$(BUILT_PRODUCTS_DIR)/MusicPlayer.app/$(BUNDLE_EXECUTABLE_FOLDER_PATH)/MusicPlayer";
			};
			name = Release;
		};
		1FAE72142BF46DEE00CCA7CA /* Debug */ = {
			isa = XCBuildConfiguration;
			baseConfigurationReference = 5B754FB03FA290EA6E273EAB /* Pods-MusicPlayer-MusicPlayerUITests.debug.xcconfig */;
			buildSettings = {
				ALWAYS_EMBED_SWIFT_STANDARD_LIBRARIES = YES;
				CODE_SIGN_STYLE = Automatic;
				CURRENT_PROJECT_VERSION = 1;
				DEVELOPMENT_TEAM = NQW77N3FSN;
				GENERATE_INFOPLIST_FILE = YES;
				MARKETING_VERSION = 1.0;
				PRODUCT_BUNDLE_IDENTIFIER = com.siyaram.com.MusicPlayerUITests;
				PRODUCT_NAME = "$(TARGET_NAME)";
				SWIFT_EMIT_LOC_STRINGS = NO;
				SWIFT_VERSION = 5.0;
				TARGETED_DEVICE_FAMILY = "1,2";
				TEST_TARGET_NAME = MusicPlayer;
			};
			name = Debug;
		};
		1FAE72152BF46DEE00CCA7CA /* Release */ = {
			isa = XCBuildConfiguration;
			baseConfigurationReference = 12F9A968FCFDDBB23DAF58D5 /* Pods-MusicPlayer-MusicPlayerUITests.release.xcconfig */;
			buildSettings = {
				ALWAYS_EMBED_SWIFT_STANDARD_LIBRARIES = YES;
				CODE_SIGN_STYLE = Automatic;
				CURRENT_PROJECT_VERSION = 1;
				DEVELOPMENT_TEAM = NQW77N3FSN;
				GENERATE_INFOPLIST_FILE = YES;
				MARKETING_VERSION = 1.0;
				PRODUCT_BUNDLE_IDENTIFIER = com.siyaram.com.MusicPlayerUITests;
				PRODUCT_NAME = "$(TARGET_NAME)";
				SWIFT_EMIT_LOC_STRINGS = NO;
				SWIFT_VERSION = 5.0;
				TARGETED_DEVICE_FAMILY = "1,2";
				TEST_TARGET_NAME = MusicPlayer;
			};
			name = Release;
		};
/* End XCBuildConfiguration section */

/* Begin XCConfigurationList section */
		1FAE71DB2BF46DEB00CCA7CA /* Build configuration list for PBXProject "MusicPlayer" */ = {
			isa = XCConfigurationList;
			buildConfigurations = (
				1FAE720B2BF46DEE00CCA7CA /* Debug */,
				1FAE720C2BF46DEE00CCA7CA /* Release */,
			);
			defaultConfigurationIsVisible = 0;
			defaultConfigurationName = Release;
		};
		1FAE720D2BF46DEE00CCA7CA /* Build configuration list for PBXNativeTarget "MusicPlayer" */ = {
			isa = XCConfigurationList;
			buildConfigurations = (
				1FAE720E2BF46DEE00CCA7CA /* Debug */,
				1FAE720F2BF46DEE00CCA7CA /* Release */,
			);
			defaultConfigurationIsVisible = 0;
			defaultConfigurationName = Release;
		};
		1FAE72102BF46DEE00CCA7CA /* Build configuration list for PBXNativeTarget "MusicPlayerTests" */ = {
			isa = XCConfigurationList;
			buildConfigurations = (
				1FAE72112BF46DEE00CCA7CA /* Debug */,
				1FAE72122BF46DEE00CCA7CA /* Release */,
			);
			defaultConfigurationIsVisible = 0;
			defaultConfigurationName = Release;
		};
		1FAE72132BF46DEE00CCA7CA /* Build configuration list for PBXNativeTarget "MusicPlayerUITests" */ = {
			isa = XCConfigurationList;
			buildConfigurations = (
				1FAE72142BF46DEE00CCA7CA /* Debug */,
				1FAE72152BF46DEE00CCA7CA /* Release */,
			);
			defaultConfigurationIsVisible = 0;
			defaultConfigurationName = Release;
		};
/* End XCConfigurationList section */

/* Begin XCVersionGroup section */
		1FAE71EC2BF46DEB00CCA7CA /* MusicPlayer.xcdatamodeld */ = {
			isa = XCVersionGroup;
			children = (
				1FAE71ED2BF46DEB00CCA7CA /* MusicPlayer.xcdatamodel */,
			);
			currentVersion = 1FAE71ED2BF46DEB00CCA7CA /* MusicPlayer.xcdatamodel */;
			path = MusicPlayer.xcdatamodeld;
			sourceTree = "<group>";
			versionGroupType = wrapper.xcdatamodel;
		};
/* End XCVersionGroup section */
	};
	rootObject = 1FAE71D82BF46DEB00CCA7CA /* Project object */;
}
